
Microsoft Visual Studio Solution File, Format Version 12.00
# Visual Studio Version 17
VisualStudioVersion = 17.4.33122.133
MinimumVisualStudioVersion = 10.0.40219.1
Project("{FAE04EC0-301F-11D3-BF4B-00C04F79EFBC}") = "MyProject", "MyProject\MyProject.csproj", "{2283A407-2C0B-4E43-9B3B-CA9CC04357FC}"
EndProject
Global
	GlobalSection(SolutionConfigurationPlatforms) = preSolution
		Debug|Any CPU = Debug|Any CPU
		Release|Any CPU = Release|Any CPU
	EndGlobalSection
	GlobalSection(ProjectConfigurationPlatforms) = postSolution
		{2283A407-2C0B-4E43-9B3B-CA9CC04357FC}.Debug|Any CPU.ActiveCfg = Debug|Any CPU
		{2283A407-2C0B-4E43-9B3B-CA9CC04357FC}.Debug|Any CPU.Build.0 = Debug|Any CPU
		{2283A407-2C0B-4E43-9B3B-CA9CC04357FC}.Release|Any CPU.ActiveCfg = Release|Any CPU
		{2283A407-2C0B-4E43-9B3B-CA9CC04357FC}.Release|Any CPU.Build.0 = Release|Any CPU
	EndGlobalSection
	GlobalSection(SolutionProperties) = preSolution
		HideSolutionNode = FALSE
	EndGlobalSection
	GlobalSection(ExtensibilityGlobals) = postSolution
		SolutionGuid = {57789564-E599-4CB4-BFB7-A49C2D1576F1}
	EndGlobalSection
EndGlobal
